
Microsoft Visual Studio Solution File, Format Version 12.00
# Visual Studio 15
VisualStudioVersion = 15.0.28307.572
MinimumVisualStudioVersion = 10.0.40219.1
Project("{9A19103F-16F7-4668-BE54-9A1E7A4F7556}") = "PVM", "PVM\PVM.csproj", "{8767062B-8AC8-48A5-8946-C08A9A38E839}"
EndProject
Project("{FAE04EC0-301F-11D3-BF4B-00C04F79EFBC}") = "PVM-DATA", "PVM-DATA\PVM-DATA.csproj", "{8C670405-EDFA-4B1D-9A27-682BFE16C86C}"
EndProject
Global
	GlobalSection(SolutionConfigurationPlatforms) = preSolution
		Debug|Any CPU = Debug|Any CPU
		Release|Any CPU = Release|Any CPU
	EndGlobalSection
	GlobalSection(ProjectConfigurationPlatforms) = postSolution
		{8767062B-8AC8-48A5-8946-C08A9A38E839}.Debug|Any CPU.ActiveCfg = Debug|Any CPU
		{8767062B-8AC8-48A5-8946-C08A9A38E839}.Debug|Any CPU.Build.0 = Debug|Any CPU
		{8767062B-8AC8-48A5-8946-C08A9A38E839}.Release|Any CPU.ActiveCfg = Release|Any CPU
		{8767062B-8AC8-48A5-8946-C08A9A38E839}.Release|Any CPU.Build.0 = Release|Any CPU
		{8C670405-EDFA-4B1D-9A27-682BFE16C86C}.Debug|Any CPU.ActiveCfg = Debug|Any CPU
		{8C670405-EDFA-4B1D-9A27-682BFE16C86C}.Debug|Any CPU.Build.0 = Debug|Any CPU
		{8C670405-EDFA-4B1D-9A27-682BFE16C86C}.Release|Any CPU.ActiveCfg = Release|Any CPU
		{8C670405-EDFA-4B1D-9A27-682BFE16C86C}.Release|Any CPU.Build.0 = Release|Any CPU
	EndGlobalSection
	GlobalSection(SolutionProperties) = preSolution
		HideSolutionNode = FALSE
	EndGlobalSection
	GlobalSection(ExtensibilityGlobals) = postSolution
		SolutionGuid = {AC45EA4F-3F80-42FB-9E73-A64974380199}
	EndGlobalSection
EndGlobal
